PODS:
  - clipshot (0.1.0):
    - Flutter
  - Flutter (1.0.0)
  - integration_test (0.0.1):
    - Flutter

DEPENDENCIES:
  - clipshot (from `.symlinks/plugins/clipshot/ios`)
  - Flutter (from `Flutter`)
  - integration_test (from `.symlinks/plugins/integration_test/ios`)

EXTERNAL SOURCES:
  clipshot:
    :path: ".symlinks/plugins/clipshot/ios"
  Flutter:
    :path: Flutter
  integration_test:
    :path: ".symlinks/plugins/integration_test/ios"

SPEC CHECKSUMS:
  clipshot: 3e97f9e32b0fb0ca21f3259c31483d3e1cc84779
  Flutter: cabc95a1d2626b1b06e7179b784ebcf0c0cde467
  integration_test: 252f60fa39af5e17c3aa9899d35d908a0721b573

PODFILE CHECKSUM: 3c63482e143d1b91d2d2560aee9fb04ecc74ac7e

COCOAPODS: 1.16.2
